github.com/future-wd/hugo-imaging-common v0.0.8/go.mod h1:T+CwESc3sveTg/R4X/2AeQszY52MuqfyNuVV2UmSn+E=
github.com/future-wd/hugo-responsive-images v1.2.16 h1:+pIlS+XxA+hmiK4+R/7ud9tKM11QWwkhyFLRheCUu4w=
github.com/future-wd/hugo-responsive-images v1.2.16/go.mod h1:YE72mEpC8vO+vJTDmDhgNIQV3N7QdV3gleRwe8zrgmU=
github.com/future-wd/temp-image-gallery v0.0.0-20230413085904-478ee0470255 h1:hJxmlsYk9/89mV4PFSXzTnIB3D0D6Ay+tndsxPDnMh0=
github.com/future-wd/temp-image-gallery v0.0.0-20230413085904-478ee0470255/go.mod h1:lrzR+CATx3hOcS9YWtePKu8jTIrdq7pqoD4Yjgf4YnE=
